
Microsoft Visual Studio Solution File, Format Version 12.00
# Visual Studio Version 16
VisualStudioVersion = 16.0.31729.503
MinimumVisualStudioVersion = 10.0.40219.1
Project("{FAE04EC0-301F-11D3-BF4B-00C04F79EFBC}") = "MvcMovie", "MvcMovie\MvcMovie.csproj", "{EEB2E4F5-408C-4F6F-B934-9F07B7AB394B}"
EndProject
Global
	GlobalSection(SolutionConfigurationPlatforms) = preSolution
		Debug|Any CPU = Debug|Any CPU
		Release|Any CPU = Release|Any CPU
	EndGlobalSection
	GlobalSection(ProjectConfigurationPlatforms) = postSolution
		{EEB2E4F5-408C-4F6F-B934-9F07B7AB394B}.Debug|Any CPU.ActiveCfg = Debug|Any CPU
		{EEB2E4F5-408C-4F6F-B934-9F07B7AB394B}.Debug|Any CPU.Build.0 = Debug|Any CPU
		{EEB2E4F5-408C-4F6F-B934-9F07B7AB394B}.Release|Any CPU.ActiveCfg = Release|Any CPU
		{EEB2E4F5-408C-4F6F-B934-9F07B7AB394B}.Release|Any CPU.Build.0 = Release|Any CPU
	EndGlobalSection
	GlobalSection(SolutionProperties) = preSolution
		HideSolutionNode = FALSE
	EndGlobalSection
	GlobalSection(ExtensibilityGlobals) = postSolution
		SolutionGuid = {7D6CE155-BAA5-4F19-8444-E368B54619D6}
	EndGlobalSection
EndGlobal
